// !$*UTF8*$!
{
	archiveVersion = 1;
	classes = {
	};
	objectVersion = 77;
	objects = {

/* Begin PBXBuildFile section */
		A1B2C3D42F4D0001005A1758 /* WhisperKit in Frameworks */ = {isa = PBXBuildFile; productRef = A1B2C3D52F4D0001005A1758 /* WhisperKit */; };
		B1C2D3E42F4D0002005A1758 /* Sparkle in Frameworks */ = {isa = PBXBuildFile; productRef = B1C2D3E52F4D0002005A1758 /* Sparkle */; };
/* End PBXBuildFile section */

/* Begin PBXContainerItemProxy section */
		DDA4587A2F4CE33E005A1758 /* PBXContainerItemProxy */ = {
			isa = PBXContainerItemProxy;
			containerPortal = DDA458622F4CE33D005A1758 /* Project object */;
			proxyType = 1;
			remoteGlobalIDString = DDA458692F4CE33D005A1758;
			remoteInfo = OpenAuris;
		};
		DDA458842F4CE33E005A1758 /* PBXContainerItemProxy */ = {
			isa = PBXContainerItemProxy;
			containerPortal = DDA458622F4CE33D005A1758 /* Project object */;
			proxyType = 1;
			remoteGlobalIDString = DDA458692F4CE33D005A1758;
			remoteInfo = OpenAuris;
		};
/* End PBXContainerItemProxy section */

/* Begin PBXFileReference section */
		DDA4586A2F4CE33D005A1758 /* openauris.app */ = {isa = PBXFileReference; explicitFileType = wrapper.application; includeInIndex = 0; name = openauris.app; path = OpenAuris.app; sourceTree = BUILT_PRODUCTS_DIR; };
		DDA458792F4CE33E005A1758 /* openaurisTests.xctest */ = {isa = PBXFileReference; explicitFileType = wrapper.cfbundle; includeInIndex = 0; name = openaurisTests.xctest; path = OpenAurisTests.xctest; sourceTree = BUILT_PRODUCTS_DIR; };
		DDA458832F4CE33E005A1758 /* openaurisUITests.xctest */ = {isa = PBXFileReference; explicitFileType = wrapper.cfbundle; includeInIndex = 0; name = openaurisUITests.xctest; path = OpenAurisUITests.xctest; sourceTree = BUILT_PRODUCTS_DIR; };
/* End PBXFileReference section */

/* Begin PBXFileSystemSynchronizedRootGroup section */
		DDA4586C2F4CE33D005A1758 /* openauris */ = {
			isa = PBXFileSystemSynchronizedRootGroup;
			path = openauris;
			sourceTree = "<group>";
		};
		DDA4587C2F4CE33E005A1758 /* openaurisTests */ = {
			isa = PBXFileSystemSynchronizedRootGroup;
			path = openaurisTests;
			sourceTree = "<group>";
		};
		DDA458862F4CE33E005A1758 /* openaurisUITests */ = {
			isa = PBXFileSystemSynchronizedRootGroup;
			path = openaurisUITests;
			sourceTree = "<group>";
		};
/* End PBXFileSystemSynchronizedRootGroup section */

/* Begin PBXFrameworksBuildPhase section */
		DDA458672F4CE33D005A1758 /* Frameworks */ = {
			isa = PBXFrameworksBuildPhase;
			buildActionMask = 2147483647;
			files = (
				A1B2C3D42F4D0001005A1758 /* WhisperKit in Frameworks */,
				B1C2D3E42F4D0002005A1758 /* Sparkle in Frameworks */,
			);
			runOnlyForDeploymentPostprocessing = 0;
		};
		DDA458762F4CE33E005A1758 /* Frameworks */ = {
			isa = PBXFrameworksBuildPhase;
			buildActionMask = 2147483647;
			files = (
			);
			runOnlyForDeploymentPostprocessing = 0;
		};
		DDA458802F4CE33E005A1758 /* Frameworks */ = {
			isa = PBXFrameworksBuildPhase;
			buildActionMask = 2147483647;
			files = (
			);
			runOnlyForDeploymentPostprocessing = 0;
		};
/* End PBXFrameworksBuildPhase section */

/* Begin PBXGroup section */
		DDA458612F4CE33D005A1758 = {
			isa = PBXGroup;
			children = (
				DDA4586C2F4CE33D005A1758 /* openauris */,
				DDA4587C2F4CE33E005A1758 /* openaurisTests */,
				DDA458862F4CE33E005A1758 /* openaurisUITests */,
				DDA4586B2F4CE33D005A1758 /* Products */,
			);
			sourceTree = "<group>";
		};
		DDA4586B2F4CE33D005A1758 /* Products */ = {
			isa = PBXGroup;
			children = (
				DDA4586A2F4CE33D005A1758 /* openauris.app */,
				DDA458792F4CE33E005A1758 /* openaurisTests.xctest */,
				DDA458832F4CE33E005A1758 /* openaurisUITests.xctest */,
			);
			name = Products;
			sourceTree = "<group>";
		};
/* End PBXGroup section */

/* Begin PBXNativeTarget section */
		DDA458692F4CE33D005A1758 /* OpenAuris */ = {
			isa = PBXNativeTarget;
			buildConfigurationList = DDA4588D2F4CE33E005A1758 /* Build configuration list for PBXNativeTarget "OpenAuris" */;
			buildPhases = (
				DDA458662F4CE33D005A1758 /* Sources */,
				DDA458672F4CE33D005A1758 /* Frameworks */,
				DDA458682F4CE33D005A1758 /* Resources */,
			);
			buildRules = (
			);
			dependencies = (
			);
			fileSystemSynchronizedGroups = (
				DDA4586C2F4CE33D005A1758 /* openauris */,
			);
			name = OpenAuris;
			packageProductDependencies = (
				A1B2C3D52F4D0001005A1758 /* WhisperKit */,
				B1C2D3E52F4D0002005A1758 /* Sparkle */,
			);
			productName = OpenAuris;
			productReference = DDA4586A2F4CE33D005A1758 /* openauris.app */;
			productType = "com.apple.product-type.application";
		};
		DDA458782F4CE33E005A1758 /* OpenAurisTests */ = {
			isa = PBXNativeTarget;
			buildConfigurationList = DDA458902F4CE33E005A1758 /* Build configuration list for PBXNativeTarget "OpenAurisTests" */;
			buildPhases = (
				DDA458752F4CE33E005A1758 /* Sources */,
				DDA458762F4CE33E005A1758 /* Frameworks */,
				DDA458772F4CE33E005A1758 /* Resources */,
			);
			buildRules = (
			);
			dependencies = (
				DDA4587B2F4CE33E005A1758 /* PBXTargetDependency */,
			);
			fileSystemSynchronizedGroups = (
				DDA4587C2F4CE33E005A1758 /* openaurisTests */,
			);
			name = OpenAurisTests;
			packageProductDependencies = (
			);
			productName = OpenAurisTests;
			productReference = DDA458792F4CE33E005A1758 /* openaurisTests.xctest */;
			productType = "com.apple.product-type.bundle.unit-test";
		};
		DDA458822F4CE33E005A1758 /* OpenAurisUITests */ = {
			isa = PBXNativeTarget;
			buildConfigurationList = DDA458932F4CE33E005A1758 /* Build configuration list for PBXNativeTarget "OpenAurisUITests" */;
			buildPhases = (
				DDA4587F2F4CE33E005A1758 /* Sources */,
				DDA458802F4CE33E005A1758 /* Frameworks */,
				DDA458812F4CE33E005A1758 /* Resources */,
			);
			buildRules = (
			);
			dependencies = (
				DDA458852F4CE33E005A1758 /* PBXTargetDependency */,
			);
			fileSystemSynchronizedGroups = (
				DDA458862F4CE33E005A1758 /* openaurisUITests */,
			);
			name = OpenAurisUITests;
			packageProductDependencies = (
			);
			productName = OpenAurisUITests;
			productReference = DDA458832F4CE33E005A1758 /* openaurisUITests.xctest */;
			productType = "com.apple.product-type.bundle.ui-testing";
		};
/* End PBXNativeTarget section */

/* Begin PBXProject section */
		DDA458622F4CE33D005A1758 /* Project object */ = {
			isa = PBXProject;
			attributes = {
				BuildIndependentTargetsInParallel = 1;
				LastSwiftUpdateCheck = 2620;
				LastUpgradeCheck = 2620;
				TargetAttributes = {
					DDA458692F4CE33D005A1758 = {
						CreatedOnToolsVersion = 26.2;
					};
					DDA458782F4CE33E005A1758 = {
						CreatedOnToolsVersion = 26.2;
						TestTargetID = DDA458692F4CE33D005A1758;
					};
					DDA458822F4CE33E005A1758 = {
						CreatedOnToolsVersion = 26.2;
						TestTargetID = DDA458692F4CE33D005A1758;
					};
				};
			};
			buildConfigurationList = DDA458652F4CE33D005A1758 /* Build configuration list for PBXProject "openauris" */;
			developmentRegion = en;
			hasScannedForEncodings = 0;
			knownRegions = (
				en,
				Base,
			);
			mainGroup = DDA458612F4CE33D005A1758;
			minimizedProjectReferenceProxies = 1;
			packageReferences = (
				A1B2C3D62F4D0001005A1758 /* XCRemoteSwiftPackageReference "WhisperKit" */,
				B1C2D3E62F4D0002005A1758 /* XCRemoteSwiftPackageReference "Sparkle" */,
			);
			preferredProjectObjectVersion = 77;
			productRefGroup = DDA4586B2F4CE33D005A1758 /* Products */;
			projectDirPath = "";
			projectRoot = "";
			targets = (
				DDA458692F4CE33D005A1758 /* OpenAuris */,
				DDA458782F4CE33E005A1758 /* OpenAurisTests */,
				DDA458822F4CE33E005A1758 /* OpenAurisUITests */,
			);
		};
/* End PBXProject section */

/* Begin PBXResourcesBuildPhase section */
		DDA458682F4CE33D005A1758 /* Resources */ = {
			isa = PBXResourcesBuildPhase;
			buildActionMask = 2147483647;
			files = (
			);
			runOnlyForDeploymentPostprocessing = 0;
		};
		DDA458772F4CE33E005A1758 /* Resources */ = {
			isa = PBXResourcesBuildPhase;
			buildActionMask = 2147483647;
			files = (
			);
			runOnlyForDeploymentPostprocessing = 0;
		};
		DDA458812F4CE33E005A1758 /* Resources */ = {
			isa = PBXResourcesBuildPhase;
			buildActionMask = 2147483647;
			files = (
			);
			runOnlyForDeploymentPostprocessing = 0;
		};
/* End PBXResourcesBuildPhase section */

/* Begin PBXSourcesBuildPhase section */
		DDA458662F4CE33D005A1758 /* Sources */ = {
			isa = PBXSourcesBuildPhase;
			buildActionMask = 2147483647;
			files = (
			);
			runOnlyForDeploymentPostprocessing = 0;
		};
		DDA458752F4CE33E005A1758 /* Sources */ = {
			isa = PBXSourcesBuildPhase;
			buildActionMask = 2147483647;
			files = (
			);
			runOnlyForDeploymentPostprocessing = 0;
		};
		DDA4587F2F4CE33E005A1758 /* Sources */ = {
			isa = PBXSourcesBuildPhase;
			buildActionMask = 2147483647;
			files = (
			);
			runOnlyForDeploymentPostprocessing = 0;
		};
/* End PBXSourcesBuildPhase section */

/* Begin PBXTargetDependency section */
		DDA4587B2F4CE33E005A1758 /* PBXTargetDependency */ = {
			isa = PBXTargetDependency;
			target = DDA458692F4CE33D005A1758 /* OpenAuris */;
			targetProxy = DDA4587A2F4CE33E005A1758 /* PBXContainerItemProxy */;
		};
		DDA458852F4CE33E005A1758 /* PBXTargetDependency */ = {
			isa = PBXTargetDependency;
			target = DDA458692F4CE33D005A1758 /* OpenAuris */;
			targetProxy = DDA458842F4CE33E005A1758 /* PBXContainerItemProxy */;
		};
/* End PBXTargetDependency section */

/* Begin XCBuildConfiguration section */
		DDA4588B2F4CE33E005A1758 /* Debug */ = {
			isa = XCBuildConfiguration;
			buildSettings = {
				ALWAYS_SEARCH_USER_PATHS = NO;
				ASSETCATALOG_COMPILER_GENERATE_SWIFT_ASSET_SYMBOL_EXTENSIONS = YES;
				CLANG_ANALYZER_NONNULL = YES;
				CLANG_ANALYZER_NUMBER_OBJECT_CONVERSION = YES_AGGRESSIVE;
				CLANG_CXX_LANGUAGE_STANDARD = "gnu++20";
				CLANG_ENABLE_MODULES = YES;
				CLANG_ENABLE_OBJC_ARC = YES;
				CLANG_ENABLE_OBJC_WEAK = YES;
				CLANG_WARN_BLOCK_CAPTURE_AUTORELEASING = YES;
				CLANG_WARN_BOOL_CONVERSION = YES;
				CLANG_WARN_COMMA = YES;
				CLANG_WARN_CONSTANT_CONVERSION = YES;
				CLANG_WARN_DEPRECATED_OBJC_IMPLEMENTATIONS = YES;
				CLANG_WARN_DIRECT_OBJC_ISA_USAGE = YES_ERROR;
				CLANG_WARN_DOCUMENTATION_COMMENTS = YES;
				CLANG_WARN_EMPTY_BODY = YES;
				CLANG_WARN_ENUM_CONVERSION = YES;
				CLANG_WARN_INFINITE_RECURSION = YES;
				CLANG_WARN_INT_CONVERSION = YES;
				CLANG_WARN_NON_LITERAL_NULL_CONVERSION = YES;
				CLANG_WARN_OBJC_IMPLICIT_RETAIN_SELF = YES;
				CLANG_WARN_OBJC_LITERAL_CONVERSION = YES;
				CLANG_WARN_OBJC_ROOT_CLASS = YES_ERROR;
				CLANG_WARN_QUOTED_INCLUDE_IN_FRAMEWORK_HEADER = YES;
				CLANG_WARN_RANGE_LOOP_ANALYSIS = YES;
				CLANG_WARN_STRICT_PROTOTYPES = YES;
				CLANG_WARN_SUSPICIOUS_MOVE = YES;
				CLANG_WARN_UNGUARDED_AVAILABILITY = YES_AGGRESSIVE;
				CLANG_WARN_UNREACHABLE_CODE = YES;
				CLANG_WARN__DUPLICATE_METHOD_MATCH = YES;
				COPY_PHASE_STRIP = NO;
				DEBUG_INFORMATION_FORMAT = dwarf;
				DEVELOPMENT_TEAM = M2LT27624D;
				ENABLE_STRICT_OBJC_MSGSEND = YES;
				ENABLE_TESTABILITY = YES;
				ENABLE_USER_SCRIPT_SANDBOXING = YES;
				GCC_C_LANGUAGE_STANDARD = gnu17;
				GCC_DYNAMIC_NO_PIC = NO;
				GCC_NO_COMMON_BLOCKS = YES;
				GCC_OPTIMIZATION_LEVEL = 0;
				GCC_PREPROCESSOR_DEFINITIONS = (
					"DEBUG=1",
					"$(inherited)",
				);
				GCC_WARN_64_TO_32_BIT_CONVERSION = YES;
				GCC_WARN_ABOUT_RETURN_TYPE = YES_ERROR;
				GCC_WARN_UNDECLARED_SELECTOR = YES;
				GCC_WARN_UNINITIALIZED_AUTOS = YES_AGGRESSIVE;
				GCC_WARN_UNUSED_FUNCTION = YES;
				GCC_WARN_UNUSED_VARIABLE = YES;
				LOCALIZATION_PREFERS_STRING_CATALOGS = YES;
				MACOSX_DEPLOYMENT_TARGET = 15.0;
				MTL_ENABLE_DEBUG_INFO = INCLUDE_SOURCE;
				MTL_FAST_MATH = YES;
				ONLY_ACTIVE_ARCH = YES;
				SDKROOT = macosx;
				SWIFT_ACTIVE_COMPILATION_CONDITIONS = "DEBUG $(inherited)";
				SWIFT_OPTIMIZATION_LEVEL = "-Onone";
			};
			name = Debug;
		};
		DDA4588C2F4CE33E005A1758 /* Release */ = {
			isa = XCBuildConfiguration;
			buildSettings = {
				ALWAYS_SEARCH_USER_PATHS = NO;
				ASSETCATALOG_COMPILER_GENERATE_SWIFT_ASSET_SYMBOL_EXTENSIONS = YES;
				CLANG_ANALYZER_NONNULL = YES;
				CLANG_ANALYZER_NUMBER_OBJECT_CONVERSION = YES_AGGRESSIVE;
				CLANG_CXX_LANGUAGE_STANDARD = "gnu++20";
				CLANG_ENABLE_MODULES = YES;
				CLANG_ENABLE_OBJC_ARC = YES;
				CLANG_ENABLE_OBJC_WEAK = YES;
				CLANG_WARN_BLOCK_CAPTURE_AUTORELEASING = YES;
				CLANG_WARN_BOOL_CONVERSION = YES;
				CLANG_WARN_COMMA = YES;
				CLANG_WARN_CONSTANT_CONVERSION = YES;
				CLANG_WARN_DEPRECATED_OBJC_IMPLEMENTATIONS = YES;
				CLANG_WARN_DIRECT_OBJC_ISA_USAGE = YES_ERROR;
				CLANG_WARN_DOCUMENTATION_COMMENTS = YES;
				CLANG_WARN_EMPTY_BODY = YES;
				CLANG_WARN_ENUM_CONVERSION = YES;
				CLANG_WARN_INFINITE_RECURSION = YES;
				CLANG_WARN_INT_CONVERSION = YES;
				CLANG_WARN_NON_LITERAL_NULL_CONVERSION = YES;
				CLANG_WARN_OBJC_IMPLICIT_RETAIN_SELF = YES;
				CLANG_WARN_OBJC_LITERAL_CONVERSION = YES;
				CLANG_WARN_OBJC_ROOT_CLASS = YES_ERROR;
				CLANG_WARN_QUOTED_INCLUDE_IN_FRAMEWORK_HEADER = YES;
				CLANG_WARN_RANGE_LOOP_ANALYSIS = YES;
				CLANG_WARN_STRICT_PROTOTYPES = YES;
				CLANG_WARN_SUSPICIOUS_MOVE = YES;
				CLANG_WARN_UNGUARDED_AVAILABILITY = YES_AGGRESSIVE;
				CLANG_WARN_UNREACHABLE_CODE = YES;
				CLANG_WARN__DUPLICATE_METHOD_MATCH = YES;
				COPY_PHASE_STRIP = NO;
				DEBUG_INFORMATION_FORMAT = "dwarf-with-dsym";
				DEVELOPMENT_TEAM = M2LT27624D;
				ENABLE_NS_ASSERTIONS = NO;
				ENABLE_STRICT_OBJC_MSGSEND = YES;
				ENABLE_USER_SCRIPT_SANDBOXING = YES;
				GCC_C_LANGUAGE_STANDARD = gnu17;
				GCC_NO_COMMON_BLOCKS = YES;
				GCC_WARN_64_TO_32_BIT_CONVERSION = YES;
				GCC_WARN_ABOUT_RETURN_TYPE = YES_ERROR;
				GCC_WARN_UNDECLARED_SELECTOR = YES;
				GCC_WARN_UNINITIALIZED_AUTOS = YES_AGGRESSIVE;
				GCC_WARN_UNUSED_FUNCTION = YES;
				GCC_WARN_UNUSED_VARIABLE = YES;
				LOCALIZATION_PREFERS_STRING_CATALOGS = YES;
				MACOSX_DEPLOYMENT_TARGET = 15.0;
				MTL_ENABLE_DEBUG_INFO = NO;
				MTL_FAST_MATH = YES;
				SDKROOT = macosx;
				SWIFT_COMPILATION_MODE = wholemodule;
			};
			name = Release;
		};
		DDA4588E2F4CE33E005A1758 /* Debug */ = {
			isa = XCBuildConfiguration;
			buildSettings = {
				ARCHS = arm64;
				ASSETCATALOG_COMPILER_APPICON_NAME = AppIcon;
				ASSETCATALOG_COMPILER_GLOBAL_ACCENT_COLOR_NAME = AccentColor;
				CODE_SIGN_ENTITLEMENTS = openauris/openauris.entitlements;
				CODE_SIGN_STYLE = Automatic;
				COMBINE_HIDPI_IMAGES = YES;
				CURRENT_PROJECT_VERSION = 1;
				DEVELOPMENT_TEAM = M2LT27624D;
				ENABLE_APP_SANDBOX = NO;
				ENABLE_HARDENED_RUNTIME = YES;
				ENABLE_PREVIEWS = YES;
				ENABLE_USER_SELECTED_FILES = NO;
				GENERATE_INFOPLIST_FILE = YES;
				INFOPLIST_FILE = openauris/SparkleKeys.plist;
				INFOPLIST_KEY_CFBundleDisplayName = OpenAuris;
				INFOPLIST_KEY_LSApplicationCategoryType = "public.app-category.developer-tools";
				INFOPLIST_KEY_LSUIElement = YES;
				INFOPLIST_KEY_NSHumanReadableCopyright = "";
				INFOPLIST_KEY_NSMicrophoneUsageDescription = "OpenAuris needs microphone access to transcribe speech locally on your Mac.";
				INFOPLIST_KEY_SUFeedURL = "https://raw.githubusercontent.com/DanLopess/openauris/main/appcast.xml";
				INFOPLIST_KEY_SUPublicEDKey = "AVBODNkCC+xPAlMZ2it+m2GzWoVphjWqCub9yz2Reu8=";
				LD_RUNPATH_SEARCH_PATHS = (
					"$(inherited)",
					"@executable_path/../Frameworks",
				);
				MARKETING_VERSION = 1.0;
				PRODUCT_BUNDLE_IDENTIFIER = dev.dlopes.openauris;
				PRODUCT_MODULE_NAME = openauris;
				PRODUCT_NAME = "$(TARGET_NAME)";
				REGISTER_APP_GROUPS = NO;
				STRING_CATALOG_GENERATE_SYMBOLS = YES;
				SWIFT_APPROACHABLE_CONCURRENCY = YES;
				SWIFT_DEFAULT_ACTOR_ISOLATION = MainActor;
				SWIFT_EMIT_LOC_STRINGS = YES;
				SWIFT_UPCOMING_FEATURE_MEMBER_IMPORT_VISIBILITY = YES;
				SWIFT_VERSION = 5.0;
			};
			name = Debug;
		};
		DDA4588F2F4CE33E005A1758 /* Release */ = {
			isa = XCBuildConfiguration;
			buildSettings = {
				ARCHS = arm64;
				ASSETCATALOG_COMPILER_APPICON_NAME = AppIcon;
				ASSETCATALOG_COMPILER_GLOBAL_ACCENT_COLOR_NAME = AccentColor;
				CODE_SIGN_ENTITLEMENTS = openauris/openauris.entitlements;
				CODE_SIGN_STYLE = Automatic;
				COMBINE_HIDPI_IMAGES = YES;
				CURRENT_PROJECT_VERSION = 1;
				DEVELOPMENT_TEAM = M2LT27624D;
				ENABLE_APP_SANDBOX = NO;
				ENABLE_HARDENED_RUNTIME = YES;
				ENABLE_PREVIEWS = YES;
				ENABLE_USER_SELECTED_FILES = NO;
				GENERATE_INFOPLIST_FILE = YES;
				INFOPLIST_FILE = openauris/SparkleKeys.plist;
				INFOPLIST_KEY_CFBundleDisplayName = OpenAuris;
				INFOPLIST_KEY_LSApplicationCategoryType = "public.app-category.developer-tools";
				INFOPLIST_KEY_LSUIElement = YES;
				INFOPLIST_KEY_NSHumanReadableCopyright = "";
				INFOPLIST_KEY_NSMicrophoneUsageDescription = "OpenAuris needs microphone access to transcribe speech locally on your Mac.";
				INFOPLIST_KEY_SUFeedURL = "https://raw.githubusercontent.com/DanLopess/openauris/main/appcast.xml";
				INFOPLIST_KEY_SUPublicEDKey = "AVBODNkCC+xPAlMZ2it+m2GzWoVphjWqCub9yz2Reu8=";
				LD_RUNPATH_SEARCH_PATHS = (
					"$(inherited)",
					"@executable_path/../Frameworks",
				);
				MARKETING_VERSION = 1.0;
				PRODUCT_BUNDLE_IDENTIFIER = dev.dlopes.openauris;
				PRODUCT_MODULE_NAME = openauris;
				PRODUCT_NAME = "$(TARGET_NAME)";
				REGISTER_APP_GROUPS = NO;
				STRING_CATALOG_GENERATE_SYMBOLS = YES;
				SWIFT_APPROACHABLE_CONCURRENCY = YES;
				SWIFT_DEFAULT_ACTOR_ISOLATION = MainActor;
				SWIFT_EMIT_LOC_STRINGS = YES;
				SWIFT_UPCOMING_FEATURE_MEMBER_IMPORT_VISIBILITY = YES;
				SWIFT_VERSION = 5.0;
			};
			name = Release;
		};
		DDA458912F4CE33E005A1758 /* Debug */ = {
			isa = XCBuildConfiguration;
			buildSettings = {
				BUNDLE_LOADER = "$(TEST_HOST)";
				CODE_SIGN_STYLE = Automatic;
				CURRENT_PROJECT_VERSION = 1;
				DEVELOPMENT_TEAM = M2LT27624D;
				GENERATE_INFOPLIST_FILE = YES;
				MACOSX_DEPLOYMENT_TARGET = 15.0;
				MARKETING_VERSION = 1.0;
				PRODUCT_BUNDLE_IDENTIFIER = dev.dlopes.openaurisTests;
				PRODUCT_NAME = "$(TARGET_NAME)";
				STRING_CATALOG_GENERATE_SYMBOLS = NO;
				SWIFT_APPROACHABLE_CONCURRENCY = YES;
				SWIFT_EMIT_LOC_STRINGS = NO;
				SWIFT_UPCOMING_FEATURE_MEMBER_IMPORT_VISIBILITY = YES;
				SWIFT_VERSION = 5.0;
				TEST_HOST = "$(BUILT_PRODUCTS_DIR)/OpenAuris.app/$(BUNDLE_EXECUTABLE_FOLDER_PATH)/OpenAuris";
			};
			name = Debug;
		};
		DDA458922F4CE33E005A1758 /* Release */ = {
			isa = XCBuildConfiguration;
			buildSettings = {
				BUNDLE_LOADER = "$(TEST_HOST)";
				CODE_SIGN_STYLE = Automatic;
				CURRENT_PROJECT_VERSION = 1;
				DEVELOPMENT_TEAM = M2LT27624D;
				GENERATE_INFOPLIST_FILE = YES;
				MACOSX_DEPLOYMENT_TARGET = 15.0;
				MARKETING_VERSION = 1.0;
				PRODUCT_BUNDLE_IDENTIFIER = dev.dlopes.openaurisTests;
				PRODUCT_NAME = "$(TARGET_NAME)";
				STRING_CATALOG_GENERATE_SYMBOLS = NO;
				SWIFT_APPROACHABLE_CONCURRENCY = YES;
				SWIFT_EMIT_LOC_STRINGS = NO;
				SWIFT_UPCOMING_FEATURE_MEMBER_IMPORT_VISIBILITY = YES;
				SWIFT_VERSION = 5.0;
				TEST_HOST = "$(BUILT_PRODUCTS_DIR)/OpenAuris.app/$(BUNDLE_EXECUTABLE_FOLDER_PATH)/OpenAuris";
			};
			name = Release;
		};
		DDA458942F4CE33E005A1758 /* Debug */ = {
			isa = XCBuildConfiguration;
			buildSettings = {
				CODE_SIGN_STYLE = Automatic;
				CURRENT_PROJECT_VERSION = 1;
				DEVELOPMENT_TEAM = M2LT27624D;
				GENERATE_INFOPLIST_FILE = YES;
				MARKETING_VERSION = 1.0;
				PRODUCT_BUNDLE_IDENTIFIER = dev.dlopes.openaurisUITests;
				PRODUCT_NAME = "$(TARGET_NAME)";
				STRING_CATALOG_GENERATE_SYMBOLS = NO;
				SWIFT_APPROACHABLE_CONCURRENCY = YES;
				SWIFT_EMIT_LOC_STRINGS = NO;
				SWIFT_UPCOMING_FEATURE_MEMBER_IMPORT_VISIBILITY = YES;
				SWIFT_VERSION = 5.0;
				TEST_TARGET_NAME = OpenAuris;
			};
			name = Debug;
		};
		DDA458952F4CE33E005A1758 /* Release */ = {
			isa = XCBuildConfiguration;
			buildSettings = {
				CODE_SIGN_STYLE = Automatic;
				CURRENT_PROJECT_VERSION = 1;
				DEVELOPMENT_TEAM = M2LT27624D;
				GENERATE_INFOPLIST_FILE = YES;
				MARKETING_VERSION = 1.0;
				PRODUCT_BUNDLE_IDENTIFIER = dev.dlopes.openaurisUITests;
				PRODUCT_NAME = "$(TARGET_NAME)";
				STRING_CATALOG_GENERATE_SYMBOLS = NO;
				SWIFT_APPROACHABLE_CONCURRENCY = YES;
				SWIFT_EMIT_LOC_STRINGS = NO;
				SWIFT_UPCOMING_FEATURE_MEMBER_IMPORT_VISIBILITY = YES;
				SWIFT_VERSION = 5.0;
				TEST_TARGET_NAME = OpenAuris;
			};
			name = Release;
		};
/* End XCBuildConfiguration section */

/* Begin XCConfigurationList section */
		DDA458652F4CE33D005A1758 /* Build configuration list for PBXProject "openauris" */ = {
			isa = XCConfigurationList;
			buildConfigurations = (
				DDA4588B2F4CE33E005A1758 /* Debug */,
				DDA4588C2F4CE33E005A1758 /* Release */,
			);
			defaultConfigurationIsVisible = 0;
			defaultConfigurationName = Release;
		};
		DDA4588D2F4CE33E005A1758 /* Build configuration list for PBXNativeTarget "OpenAuris" */ = {
			isa = XCConfigurationList;
			buildConfigurations = (
				DDA4588E2F4CE33E005A1758 /* Debug */,
				DDA4588F2F4CE33E005A1758 /* Release */,
			);
			defaultConfigurationIsVisible = 0;
			defaultConfigurationName = Release;
		};
		DDA458902F4CE33E005A1758 /* Build configuration list for PBXNativeTarget "OpenAurisTests" */ = {
			isa = XCConfigurationList;
			buildConfigurations = (
				DDA458912F4CE33E005A1758 /* Debug */,
				DDA458922F4CE33E005A1758 /* Release */,
			);
			defaultConfigurationIsVisible = 0;
			defaultConfigurationName = Release;
		};
		DDA458932F4CE33E005A1758 /* Build configuration list for PBXNativeTarget "OpenAurisUITests" */ = {
			isa = XCConfigurationList;
			buildConfigurations = (
				DDA458942F4CE33E005A1758 /* Debug */,
				DDA458952F4CE33E005A1758 /* Release */,
			);
			defaultConfigurationIsVisible = 0;
			defaultConfigurationName = Release;
		};
/* End XCConfigurationList section */

/* Begin XCRemoteSwiftPackageReference section */
		A1B2C3D62F4D0001005A1758 /* XCRemoteSwiftPackageReference "WhisperKit" */ = {
			isa = XCRemoteSwiftPackageReference;
			repositoryURL = "https://github.com/argmaxinc/WhisperKit.git";
			requirement = {
				branch = main;
				kind = branch;
			};
		};
		B1C2D3E62F4D0002005A1758 /* XCRemoteSwiftPackageReference "Sparkle" */ = {
			isa = XCRemoteSwiftPackageReference;
			repositoryURL = "https://github.com/sparkle-project/Sparkle";
			requirement = {
				kind = upToNextMajorVersion;
				minimumVersion = 2.0.0;
			};
		};
/* End XCRemoteSwiftPackageReference section */

/* Begin XCSwiftPackageProductDependency section */
		A1B2C3D52F4D0001005A1758 /* WhisperKit */ = {
			isa = XCSwiftPackageProductDependency;
			package = A1B2C3D62F4D0001005A1758 /* XCRemoteSwiftPackageReference "WhisperKit" */;
			productName = WhisperKit;
		};
		B1C2D3E52F4D0002005A1758 /* Sparkle */ = {
			isa = XCSwiftPackageProductDependency;
			package = B1C2D3E62F4D0002005A1758 /* XCRemoteSwiftPackageReference "Sparkle" */;
			productName = Sparkle;
		};
/* End XCSwiftPackageProductDependency section */
	};
	rootObject = DDA458622F4CE33D005A1758 /* Project object */;
}
